
Microsoft Visual Studio Solution File, Format Version 12.00
# Visual Studio Version 17
VisualStudioVersion = 17.9.34701.34
MinimumVisualStudioVersion = 10.0.40219.1
Project("{FAE04EC0-301F-11D3-BF4B-00C04F79EFBC}") = "EFApp", "EFApp\EFApp.csproj", "{CC892078-A682-4CF0-9286-7E3C28A7A7C4}"
EndProject
Project("{FAE04EC0-301F-11D3-BF4B-00C04F79EFBC}") = "EFApp.Data", "EFApp.Data\EFApp.Data.csproj", "{5ED36983-1659-4C29-90DC-13B2DBA9283D}"
EndProject
Project("{FAE04EC0-301F-11D3-BF4B-00C04F79EFBC}") = "EFApp.FormUI", "EFApp.FormUI\EFApp.FormUI.csproj", "{E47C0BC7-F89A-411E-A831-20FAB1067AF0}"
EndProject
Project("{FAE04EC0-301F-11D3-BF4B-00C04F79EFBC}") = "EfApp.WithUIConsole", "EfApp.WithUIConsole\EfApp.WithUIConsole.csproj", "{7C67F404-5739-4FD7-AC02-49AE01F3519C}"
EndProject
Project("{FAE04EC0-301F-11D3-BF4B-00C04F79EFBC}") = "EFApp.WithUIConsol2", "EFApp.WithUIConsol2\EFApp.WithUIConsol2.csproj", "{EA940E4D-FC4D-4DF7-83E9-3858D5788632}"
EndProject
Global
	GlobalSection(SolutionConfigurationPlatforms) = preSolution
		Debug|Any CPU = Debug|Any CPU
		Release|Any CPU = Release|Any CPU
	EndGlobalSection
	GlobalSection(ProjectConfigurationPlatforms) = postSolution
		{CC892078-A682-4CF0-9286-7E3C28A7A7C4}.Debug|Any CPU.ActiveCfg = Debug|Any CPU
		{CC892078-A682-4CF0-9286-7E3C28A7A7C4}.Debug|Any CPU.Build.0 = Debug|Any CPU
		{CC892078-A682-4CF0-9286-7E3C28A7A7C4}.Release|Any CPU.ActiveCfg = Release|Any CPU
		{CC892078-A682-4CF0-9286-7E3C28A7A7C4}.Release|Any CPU.Build.0 = Release|Any CPU
		{5ED36983-1659-4C29-90DC-13B2DBA9283D}.Debug|Any CPU.ActiveCfg = Debug|Any CPU
		{5ED36983-1659-4C29-90DC-13B2DBA9283D}.Debug|Any CPU.Build.0 = Debug|Any CPU
		{5ED36983-1659-4C29-90DC-13B2DBA9283D}.Release|Any CPU.ActiveCfg = Release|Any CPU
		{5ED36983-1659-4C29-90DC-13B2DBA9283D}.Release|Any CPU.Build.0 = Release|Any CPU
		{E47C0BC7-F89A-411E-A831-20FAB1067AF0}.Debug|Any CPU.ActiveCfg = Debug|Any CPU
		{E47C0BC7-F89A-411E-A831-20FAB1067AF0}.Debug|Any CPU.Build.0 = Debug|Any CPU
		{E47C0BC7-F89A-411E-A831-20FAB1067AF0}.Release|Any CPU.ActiveCfg = Release|Any CPU
		{E47C0BC7-F89A-411E-A831-20FAB1067AF0}.Release|Any CPU.Build.0 = Release|Any CPU
		{7C67F404-5739-4FD7-AC02-49AE01F3519C}.Debug|Any CPU.ActiveCfg = Debug|Any CPU
		{7C67F404-5739-4FD7-AC02-49AE01F3519C}.Debug|Any CPU.Build.0 = Debug|Any CPU
		{7C67F404-5739-4FD7-AC02-49AE01F3519C}.Release|Any CPU.ActiveCfg = Release|Any CPU
		{7C67F404-5739-4FD7-AC02-49AE01F3519C}.Release|Any CPU.Build.0 = Release|Any CPU
		{EA940E4D-FC4D-4DF7-83E9-3858D5788632}.Debug|Any CPU.ActiveCfg = Debug|Any CPU
		{EA940E4D-FC4D-4DF7-83E9-3858D5788632}.Debug|Any CPU.Build.0 = Debug|Any CPU
		{EA940E4D-FC4D-4DF7-83E9-3858D5788632}.Release|Any CPU.ActiveCfg = Release|Any CPU
		{EA940E4D-FC4D-4DF7-83E9-3858D5788632}.Release|Any CPU.Build.0 = Release|Any CPU
	EndGlobalSection
	GlobalSection(SolutionProperties) = preSolution
		HideSolutionNode = FALSE
	EndGlobalSection
	GlobalSection(ExtensibilityGlobals) = postSolution
		SolutionGuid = {38305001-D8B1-414E-BF77-145A15592E5D}
	EndGlobalSection
EndGlobal
